
Microsoft Visual Studio Solution File, Format Version 12.00
# Visual Studio Version 17
VisualStudioVersion = 17.4.33103.184
MinimumVisualStudioVersion = 10.0.40219.1
Project("{FAE04EC0-301F-11D3-BF4B-00C04F79EFBC}") = "HealthClinic_WebAPI_Lucas", "HealthClinic_WebAPI_Lucas.csproj", "{78AB51DF-1F41-4FF2-A380-E6028146F30A}"
EndProject
Global
	GlobalSection(SolutionConfigurationPlatforms) = preSolution
		Debug|Any CPU = Debug|Any CPU
		Release|Any CPU = Release|Any CPU
	EndGlobalSection
	GlobalSection(ProjectConfigurationPlatforms) = postSolution
		{78AB51DF-1F41-4FF2-A380-E6028146F30A}.Debug|Any CPU.ActiveCfg = Debug|Any CPU
		{78AB51DF-1F41-4FF2-A380-E6028146F30A}.Debug|Any CPU.Build.0 = Debug|Any CPU
		{78AB51DF-1F41-4FF2-A380-E6028146F30A}.Release|Any CPU.ActiveCfg = Release|Any CPU
		{78AB51DF-1F41-4FF2-A380-E6028146F30A}.Release|Any CPU.Build.0 = Release|Any CPU
	EndGlobalSection
	GlobalSection(SolutionProperties) = preSolution
		HideSolutionNode = FALSE
	EndGlobalSection
	GlobalSection(ExtensibilityGlobals) = postSolution
		SolutionGuid = {EDE3D79E-390E-493B-BD0F-C368F6BC2CF7}
	EndGlobalSection
EndGlobal
